
Microsoft Visual Studio Solution File, Format Version 12.00
# Visual Studio 15
Project("{FAE04EC0-301F-11D3-BF4B-00C04F79EFBC}") = "Assembly-CSharp", "Assembly-CSharp.csproj", "{AD25B6E4-B29F-B22F-C82D-EAF1146DCF4B}"
EndProject
Project("{FAE04EC0-301F-11D3-BF4B-00C04F79EFBC}") = "Assembly-CSharp-Editor", "Assembly-CSharp-Editor.csproj", "{77FE89DC-D6FE-A6DB-2A9C-FF8CC33C68F6}"
EndProject
Global
	GlobalSection(SolutionConfigurationPlatforms) = preSolution
		Debug|Any CPU = Debug|Any CPU
		Release|Any CPU = Release|Any CPU
	EndGlobalSection
	GlobalSection(ProjectConfigurationPlatforms) = postSolution
		{AD25B6E4-B29F-B22F-C82D-EAF1146DCF4B}.Debug|Any CPU.ActiveCfg = Debug|Any CPU
		{AD25B6E4-B29F-B22F-C82D-EAF1146DCF4B}.Debug|Any CPU.Build.0 = Debug|Any CPU
		{AD25B6E4-B29F-B22F-C82D-EAF1146DCF4B}.Release|Any CPU.ActiveCfg = Release|Any CPU
		{AD25B6E4-B29F-B22F-C82D-EAF1146DCF4B}.Release|Any CPU.Build.0 = Release|Any CPU
		{77FE89DC-D6FE-A6DB-2A9C-FF8CC33C68F6}.Debug|Any CPU.ActiveCfg = Debug|Any CPU
		{77FE89DC-D6FE-A6DB-2A9C-FF8CC33C68F6}.Debug|Any CPU.Build.0 = Debug|Any CPU
		{77FE89DC-D6FE-A6DB-2A9C-FF8CC33C68F6}.Release|Any CPU.ActiveCfg = Release|Any CPU
		{77FE89DC-D6FE-A6DB-2A9C-FF8CC33C68F6}.Release|Any CPU.Build.0 = Release|Any CPU
	EndGlobalSection
	GlobalSection(SolutionProperties) = preSolution
		HideSolutionNode = FALSE
	EndGlobalSection
EndGlobal
